github.com/SpringMT/go-sentencepiece v0.0.0-20251025163127-ca555f61f0d8 h1:BFJGEx2ZfqVfn5qXB1ITLy7jls5DpU8cHOB5V5MjZ+Q=
github.com/SpringMT/go-sentencepiece v0.0.0-20251025163127-ca555f61f0d8/go.mod h1:xO2fw5UudTZHxBv+3dGVtHnQrvHPq2ionEt8xr9HUFY=
github.com/google/go-cmp v0.5.5 h1:Khx7svrCpmxxtHBq5j2mp/xVjsi8hQMfNLvJFAlrGgU=
github.com/google/go-cmp v0.5.5/go.mod h1:v8dTdLbMG2kIc/vJvl+f65V22dbkXbowE6jgT/gNBxE=
github.com/masacento/go-sentencepiece v0.0.0-20251214131804-9562aa854ed5 h1:Kj6BK1RTin2wd/ESCcC8mAgzfyEx+FMB8sXB89WN5BU=
github.com/masacento/go-sentencepiece v0.0.0-20251214131804-9562aa854ed5/go.mod h1:Yl8WfIOon56SOq0cv7ik0jm0Pzjv7Qn/x07fJmsuprE=
github.com/masacento/go-sentencepiece v0.0.0-20251214132729-c273314784e7 h1:gRRHye+CwzHEl1mveboA9WyIEkSyZbGkGt0VjYFx1zU=
github.com/masacento/go-sentencepiece v0.0.0-20251214132729-c273314784e7/go.mod h1:HLKsX83j64hVl3Ay+SMPf3F4hjGoJXHxw/v73VpfzpY=
github.com/tetratelabs/wazero v1.10.1 h1:2DugeJf6VVk58KTPszlNfeeN8AhhpwcZqkJj2wwFuH8=
github.com/tetratelabs/wazero v1.10.1/go.mod h1:DRm5twOQ5Gr1AoEdSi0CLjDQF1J9ZAuyqFIjl1KKfQU=
golang.org/x/image v0.34.0 h1:33gCkyw9hmwbZJeZkct8XyR11yH889EQt/QH4VmXMn8=
golang.org/x/image v0.34.0/go.mod h1:2RNFBZRB+vnwwFil8GkMdRvrJOFd1AzdZI6vOY+eJVU=
golang.org/x/xerrors v0.0.0-20191204190536-9bdfabe68543 h1:E7g+9GITq07hpfrRu66IVDexMakfv52eLZ2CXBWiKr4=
golang.org/x/xerrors v0.0.0-20191204190536-9bdfabe68543/go.mod h1:I/5z698sn9Ka8TeJc9MKroUUfqBBauWjQqLJ2OPfmY0=
google.golang.org/protobuf v1.34.2 h1:6xV6lTsCfpGD21XK49h7MhtcApnLqkfYgPcdHftf6hg=
google.golang.org/protobuf v1.34.2/go.mod h1:qYOHts0dSfpeUzUFpOMr/WGzszTmLH+DiWniOlNbLDw=
google.golang.org/protobuf v1.36.11 h1:fV6ZwhNocDyBLK0dj+fg8ektcVegBBuEolpbTQyBNVE=
google.golang.org/protobuf v1.36.11/go.mod h1:HTf+CrKn2C3g5S8VImy6tdcUvCska2kB7j23XfzDpco=
